
Microsoft Visual Studio Solution File, Format Version 12.00
# Visual Studio Express 2013 for Windows Desktop
VisualStudioVersion = 12.0.40629.0
MinimumVisualStudioVersion = 10.0.40219.1
Project("{FAE04EC0-301F-11D3-BF4B-00C04F79EFBC}") = "EFBF9", "EFBF9\EFBF9.csproj", "{F3D4028C-6FAA-4744-92F2-0FFA41F53DE2}"
EndProject
Project("{FAE04EC0-301F-11D3-BF4B-00C04F79EFBC}") = "MLogs", "MLogs\MLogs.csproj", "{8F256CD8-5A1C-466D-9874-639EC4FADB0F}"
EndProject
Project("{2150E333-8FDC-42A3-9474-1A3956D46DE8}") = "Logs", "Logs", "{C24FCEB7-B2C8-41A0-902D-036389EC753F}"
EndProject
Project("{2150E333-8FDC-42A3-9474-1A3956D46DE8}") = "DataBase", "DataBase", "{BE2B1EA9-40F0-4CEF-8E5D-CF429AFCE41C}"
EndProject
Project("{FAE04EC0-301F-11D3-BF4B-00C04F79EFBC}") = "Testing", "Testing\Testing.csproj", "{DD22DE55-D847-4A70-A849-A7AD318A675D}"
EndProject
Project("{2150E333-8FDC-42A3-9474-1A3956D46DE8}") = "SubModuls", "SubModuls", "{A280DF5A-BDF7-4E10-8793-CBF39C451819}"
EndProject
Project("{FAE04EC0-301F-11D3-BF4B-00C04F79EFBC}") = "Measurement", "Measurement\Measurement\Measurement.csproj", "{F785389E-1C3F-4C79-8E6E-B34E75F953EA}"
EndProject
Project("{FAE04EC0-301F-11D3-BF4B-00C04F79EFBC}") = "DBLogs", "MessageLogs\DBLogs\DBLogs.csproj", "{56B38018-2E35-42F4-87D8-273DD38A9899}"
EndProject
Project("{FAE04EC0-301F-11D3-BF4B-00C04F79EFBC}") = "EventLogs", "MessageLogs\EventLogs\EventLogs.csproj", "{85C34940-3512-439E-86B0-7929F73E5B34}"
EndProject
Project("{FAE04EC0-301F-11D3-BF4B-00C04F79EFBC}") = "FileLogs", "MessageLogs\FileLogs\FileLogs.csproj", "{5700D165-D83A-44B4-BE83-E8F77E68813B}"
EndProject
Project("{FAE04EC0-301F-11D3-BF4B-00C04F79EFBC}") = "libClass", "Helpers\libClass\libClass.csproj", "{38A8FE37-55F2-4357-A59D-D8C8A8755AA5}"
EndProject
Project("{FAE04EC0-301F-11D3-BF4B-00C04F79EFBC}") = "TReport", "TReport\TReport.csproj", "{D0F02229-8ED5-42EA-8378-23AC9402D60C}"
EndProject
Global
	GlobalSection(SolutionConfigurationPlatforms) = preSolution
		Debug|Any CPU = Debug|Any CPU
		Release|Any CPU = Release|Any CPU
	EndGlobalSection
	GlobalSection(ProjectConfigurationPlatforms) = postSolution
		{F3D4028C-6FAA-4744-92F2-0FFA41F53DE2}.Debug|Any CPU.ActiveCfg = Debug|Any CPU
		{F3D4028C-6FAA-4744-92F2-0FFA41F53DE2}.Debug|Any CPU.Build.0 = Debug|Any CPU
		{F3D4028C-6FAA-4744-92F2-0FFA41F53DE2}.Release|Any CPU.ActiveCfg = Release|Any CPU
		{F3D4028C-6FAA-4744-92F2-0FFA41F53DE2}.Release|Any CPU.Build.0 = Release|Any CPU
		{8F256CD8-5A1C-466D-9874-639EC4FADB0F}.Debug|Any CPU.ActiveCfg = Debug|Any CPU
		{8F256CD8-5A1C-466D-9874-639EC4FADB0F}.Debug|Any CPU.Build.0 = Debug|Any CPU
		{8F256CD8-5A1C-466D-9874-639EC4FADB0F}.Release|Any CPU.ActiveCfg = Release|Any CPU
		{8F256CD8-5A1C-466D-9874-639EC4FADB0F}.Release|Any CPU.Build.0 = Release|Any CPU
		{DD22DE55-D847-4A70-A849-A7AD318A675D}.Debug|Any CPU.ActiveCfg = Debug|Any CPU
		{DD22DE55-D847-4A70-A849-A7AD318A675D}.Debug|Any CPU.Build.0 = Debug|Any CPU
		{DD22DE55-D847-4A70-A849-A7AD318A675D}.Release|Any CPU.ActiveCfg = Release|Any CPU
		{DD22DE55-D847-4A70-A849-A7AD318A675D}.Release|Any CPU.Build.0 = Release|Any CPU
		{F785389E-1C3F-4C79-8E6E-B34E75F953EA}.Debug|Any CPU.ActiveCfg = Debug|Any CPU
		{F785389E-1C3F-4C79-8E6E-B34E75F953EA}.Debug|Any CPU.Build.0 = Debug|Any CPU
		{F785389E-1C3F-4C79-8E6E-B34E75F953EA}.Release|Any CPU.ActiveCfg = Release|Any CPU
		{F785389E-1C3F-4C79-8E6E-B34E75F953EA}.Release|Any CPU.Build.0 = Release|Any CPU
		{56B38018-2E35-42F4-87D8-273DD38A9899}.Debug|Any CPU.ActiveCfg = Debug|Any CPU
		{56B38018-2E35-42F4-87D8-273DD38A9899}.Debug|Any CPU.Build.0 = Debug|Any CPU
		{56B38018-2E35-42F4-87D8-273DD38A9899}.Release|Any CPU.ActiveCfg = Release|Any CPU
		{56B38018-2E35-42F4-87D8-273DD38A9899}.Release|Any CPU.Build.0 = Release|Any CPU
		{85C34940-3512-439E-86B0-7929F73E5B34}.Debug|Any CPU.ActiveCfg = Debug|Any CPU
		{85C34940-3512-439E-86B0-7929F73E5B34}.Debug|Any CPU.Build.0 = Debug|Any CPU
		{85C34940-3512-439E-86B0-7929F73E5B34}.Release|Any CPU.ActiveCfg = Release|Any CPU
		{85C34940-3512-439E-86B0-7929F73E5B34}.Release|Any CPU.Build.0 = Release|Any CPU
		{5700D165-D83A-44B4-BE83-E8F77E68813B}.Debug|Any CPU.ActiveCfg = Debug|Any CPU
		{5700D165-D83A-44B4-BE83-E8F77E68813B}.Debug|Any CPU.Build.0 = Debug|Any CPU
		{5700D165-D83A-44B4-BE83-E8F77E68813B}.Release|Any CPU.ActiveCfg = Release|Any CPU
		{5700D165-D83A-44B4-BE83-E8F77E68813B}.Release|Any CPU.Build.0 = Release|Any CPU
		{38A8FE37-55F2-4357-A59D-D8C8A8755AA5}.Debug|Any CPU.ActiveCfg = Debug|Any CPU
		{38A8FE37-55F2-4357-A59D-D8C8A8755AA5}.Debug|Any CPU.Build.0 = Debug|Any CPU
		{38A8FE37-55F2-4357-A59D-D8C8A8755AA5}.Release|Any CPU.ActiveCfg = Release|Any CPU
		{38A8FE37-55F2-4357-A59D-D8C8A8755AA5}.Release|Any CPU.Build.0 = Release|Any CPU
		{D0F02229-8ED5-42EA-8378-23AC9402D60C}.Debug|Any CPU.ActiveCfg = Debug|Any CPU
		{D0F02229-8ED5-42EA-8378-23AC9402D60C}.Debug|Any CPU.Build.0 = Debug|Any CPU
		{D0F02229-8ED5-42EA-8378-23AC9402D60C}.Release|Any CPU.ActiveCfg = Release|Any CPU
		{D0F02229-8ED5-42EA-8378-23AC9402D60C}.Release|Any CPU.Build.0 = Release|Any CPU
	EndGlobalSection
	GlobalSection(SolutionProperties) = preSolution
		HideSolutionNode = FALSE
	EndGlobalSection
	GlobalSection(NestedProjects) = preSolution
		{F3D4028C-6FAA-4744-92F2-0FFA41F53DE2} = {BE2B1EA9-40F0-4CEF-8E5D-CF429AFCE41C}
		{8F256CD8-5A1C-466D-9874-639EC4FADB0F} = {C24FCEB7-B2C8-41A0-902D-036389EC753F}
		{F785389E-1C3F-4C79-8E6E-B34E75F953EA} = {A280DF5A-BDF7-4E10-8793-CBF39C451819}
		{56B38018-2E35-42F4-87D8-273DD38A9899} = {A280DF5A-BDF7-4E10-8793-CBF39C451819}
		{85C34940-3512-439E-86B0-7929F73E5B34} = {A280DF5A-BDF7-4E10-8793-CBF39C451819}
		{5700D165-D83A-44B4-BE83-E8F77E68813B} = {A280DF5A-BDF7-4E10-8793-CBF39C451819}
		{38A8FE37-55F2-4357-A59D-D8C8A8755AA5} = {A280DF5A-BDF7-4E10-8793-CBF39C451819}
	EndGlobalSection
EndGlobal
